
Microsoft Visual Studio Solution File, Format Version 12.00
# Visual Studio Version 17
VisualStudioVersion = 17.4.33205.214
MinimumVisualStudioVersion = 10.0.40219.1
Project("{9A19103F-16F7-4668-BE54-9A1E7A4F7556}") = "ZiraLink.IDS", "src\ZiraLink.IDS\ZiraLink.IDS.csproj", "{5D1C9C49-1011-43C7-BC8C-A959E35ED0EB}"
EndProject
Project("{2150E333-8FDC-42A3-9474-1A3956D46DE8}") = "src", "src", "{6B9BE4C3-78E1-4C19-82CD-2BE7530FAACE}"
EndProject
Global
	GlobalSection(SolutionConfigurationPlatforms) = preSolution
		Debug|Any CPU = Debug|Any CPU
		Release|Any CPU = Release|Any CPU
	EndGlobalSection
	GlobalSection(ProjectConfigurationPlatforms) = postSolution
		{5D1C9C49-1011-43C7-BC8C-A959E35ED0EB}.Debug|Any CPU.ActiveCfg = Debug|Any CPU
		{5D1C9C49-1011-43C7-BC8C-A959E35ED0EB}.Debug|Any CPU.Build.0 = Debug|Any CPU
		{5D1C9C49-1011-43C7-BC8C-A959E35ED0EB}.Release|Any CPU.ActiveCfg = Release|Any CPU
		{5D1C9C49-1011-43C7-BC8C-A959E35ED0EB}.Release|Any CPU.Build.0 = Release|Any CPU
	EndGlobalSection
	GlobalSection(SolutionProperties) = preSolution
		HideSolutionNode = FALSE
	EndGlobalSection
	GlobalSection(NestedProjects) = preSolution
		{5D1C9C49-1011-43C7-BC8C-A959E35ED0EB} = {6B9BE4C3-78E1-4C19-82CD-2BE7530FAACE}
	EndGlobalSection
	GlobalSection(ExtensibilityGlobals) = postSolution
		SolutionGuid = {F12BFC04-7FE4-40A2-A223-45E0EA154995}
	EndGlobalSection
EndGlobal
